
Microsoft Visual Studio Solution File, Format Version 12.00
# Visual Studio 2013
VisualStudioVersion = 12.0.31101.0
MinimumVisualStudioVersion = 10.0.40219.1
Project("{E24C65DC-7377-472B-9ABA-BC803B73C61A}") = "new-git", "http://localhost:9605", "{2889E077-E713-40D0-B1E0-6B1747CAEF95}"
	ProjectSection(WebsiteProperties) = preProject
		UseIISExpress = "true"
		TargetFrameworkMoniker = ".NETFramework,Version%3Dv4.0"
		Debug.AspNetCompiler.VirtualPath = "/localhost_9605"
		Debug.AspNetCompiler.PhysicalPath = "F:\new-git\"
		Debug.AspNetCompiler.TargetPath = "PrecompiledWeb\localhost_9605\"
		Debug.AspNetCompiler.Updateable = "true"
		Debug.AspNetCompiler.ForceOverwrite = "true"
		Debug.AspNetCompiler.FixedNames = "false"
		Debug.AspNetCompiler.Debug = "True"
		Release.AspNetCompiler.VirtualPath = "/localhost_9605"
		Release.AspNetCompiler.PhysicalPath = "F:\new-git\"
		Release.AspNetCompiler.TargetPath = "PrecompiledWeb\localhost_9605\"
		Release.AspNetCompiler.Updateable = "true"
		Release.AspNetCompiler.ForceOverwrite = "true"
		Release.AspNetCompiler.FixedNames = "false"
		Release.AspNetCompiler.Debug = "False"
		SlnRelativePath = "F:\new-git\"
	EndProjectSection
EndProject
Project("{2150E333-8FDC-42A3-9474-1A3956D46DE8}") = "newGitwebapp", "newGitwebapp", "{C2B5BAB9-9778-4420-A5E1-787A95B30D14}"
EndProject
Global
	GlobalSection(SolutionConfigurationPlatforms) = preSolution
		Debug|Any CPU = Debug|Any CPU
	EndGlobalSection
	GlobalSection(ProjectConfigurationPlatforms) = postSolution
		{2889E077-E713-40D0-B1E0-6B1747CAEF95}.Debug|Any CPU.ActiveCfg = Debug|Any CPU
		{2889E077-E713-40D0-B1E0-6B1747CAEF95}.Debug|Any CPU.Build.0 = Debug|Any CPU
	EndGlobalSection
	GlobalSection(SolutionProperties) = preSolution
		HideSolutionNode = FALSE
	EndGlobalSection
EndGlobal
